
Microsoft Visual Studio Solution File, Format Version 12.00
Project("{FAE04EC0-301F-11D3-BF4B-00C04F79EFBC}") = "MultiKeyDictionary", "MultiKeyDictionary\MultiKeyDictionary.csproj", "{53EA538C-D5AC-4CF3-A7D8-6E7F3C789E92}"
EndProject
Global
	GlobalSection(SolutionConfigurationPlatforms) = preSolution
		Debug|Any CPU = Debug|Any CPU
		Release|Any CPU = Release|Any CPU
	EndGlobalSection
	GlobalSection(ProjectConfigurationPlatforms) = postSolution
		{53EA538C-D5AC-4CF3-A7D8-6E7F3C789E92}.Debug|Any CPU.ActiveCfg = Debug|Any CPU
		{53EA538C-D5AC-4CF3-A7D8-6E7F3C789E92}.Debug|Any CPU.Build.0 = Debug|Any CPU
		{53EA538C-D5AC-4CF3-A7D8-6E7F3C789E92}.Release|Any CPU.ActiveCfg = Release|Any CPU
		{53EA538C-D5AC-4CF3-A7D8-6E7F3C789E92}.Release|Any CPU.Build.0 = Release|Any CPU
	EndGlobalSection
EndGlobal
